
Microsoft Visual Studio Solution File, Format Version 12.00
# Visual Studio 2012
Project("{FAE04EC0-301F-11D3-BF4B-00C04F79EFBC}") = "HelloCI.Tests", "src\test\HelloCI.Tests\HelloCI.Tests.csproj", "{56F2BAF4-4050-4F8B-A3AD-E6C4579F15B9}"
EndProject
Project("{FAE04EC0-301F-11D3-BF4B-00C04F79EFBC}") = "HelloCI.Core", "src\app\HelloCI.Core\HelloCI.Core.csproj", "{E8228A08-8501-4602-B2B8-285C0BF52857}"
EndProject
Project("{FAE04EC0-301F-11D3-BF4B-00C04F79EFBC}") = "HelloCI.Web", "src\app\HelloCI.Web\HelloCI.Web.csproj", "{865A033E-C314-465D-A633-C1EA12DF87C7}"
EndProject
Project("{2150E333-8FDC-42A3-9474-1A3956D46DE8}") = ".nuget", ".nuget", "{7CB8B160-A3EF-42BD-AF77-CE17222B7A25}"
	ProjectSection(SolutionItems) = preProject
		.nuget\NuGet.Config = .nuget\NuGet.Config
		.nuget\NuGet.exe = .nuget\NuGet.exe
		.nuget\NuGet.targets = .nuget\NuGet.targets
	EndProjectSection
EndProject
Global
	GlobalSection(SolutionConfigurationPlatforms) = preSolution
		Debug|Any CPU = Debug|Any CPU
		Release|Any CPU = Release|Any CPU
	EndGlobalSection
	GlobalSection(ProjectConfigurationPlatforms) = postSolution
		{56F2BAF4-4050-4F8B-A3AD-E6C4579F15B9}.Debug|Any CPU.ActiveCfg = Debug|Any CPU
		{56F2BAF4-4050-4F8B-A3AD-E6C4579F15B9}.Debug|Any CPU.Build.0 = Debug|Any CPU
		{56F2BAF4-4050-4F8B-A3AD-E6C4579F15B9}.Release|Any CPU.ActiveCfg = Release|Any CPU
		{56F2BAF4-4050-4F8B-A3AD-E6C4579F15B9}.Release|Any CPU.Build.0 = Release|Any CPU
		{E8228A08-8501-4602-B2B8-285C0BF52857}.Debug|Any CPU.ActiveCfg = Debug|Any CPU
		{E8228A08-8501-4602-B2B8-285C0BF52857}.Debug|Any CPU.Build.0 = Debug|Any CPU
		{E8228A08-8501-4602-B2B8-285C0BF52857}.Release|Any CPU.ActiveCfg = Release|Any CPU
		{E8228A08-8501-4602-B2B8-285C0BF52857}.Release|Any CPU.Build.0 = Release|Any CPU
		{865A033E-C314-465D-A633-C1EA12DF87C7}.Debug|Any CPU.ActiveCfg = Debug|Any CPU
		{865A033E-C314-465D-A633-C1EA12DF87C7}.Debug|Any CPU.Build.0 = Debug|Any CPU
		{865A033E-C314-465D-A633-C1EA12DF87C7}.Release|Any CPU.ActiveCfg = Release|Any CPU
		{865A033E-C314-465D-A633-C1EA12DF87C7}.Release|Any CPU.Build.0 = Release|Any CPU
	EndGlobalSection
	GlobalSection(SolutionProperties) = preSolution
		HideSolutionNode = FALSE
	EndGlobalSection
EndGlobal
